
Microsoft Visual Studio Solution File, Format Version 12.00
# Visual Studio 15
VisualStudioVersion = 15.0.26730.12
MinimumVisualStudioVersion = 10.0.40219.1
Project("{FAE04EC0-301F-11D3-BF4B-00C04F79EFBC}") = "WorkOrderStatus", "WorkOrderStatus\WorkOrderStatus.csproj", "{0AC8AEFE-6D28-4F11-9C1E-66D244F53473}"
EndProject
Project("{2150E333-8FDC-42A3-9474-1A3956D46DE8}") = "Solution Items", "Solution Items", "{151DF6EF-C332-4291-BB8B-1C4DAD93E727}"
	ProjectSection(SolutionItems) = preProject
		.editorconfig = .editorconfig
		.gitattributes = .gitattributes
		.gitignore = .gitignore
		LICENSE = LICENSE
		README.md = README.md
		screenshot.png = screenshot.png
	EndProjectSection
EndProject
Global
	GlobalSection(SolutionConfigurationPlatforms) = preSolution
		Debug|Any CPU = Debug|Any CPU
		Release|Any CPU = Release|Any CPU
	EndGlobalSection
	GlobalSection(ProjectConfigurationPlatforms) = postSolution
		{0AC8AEFE-6D28-4F11-9C1E-66D244F53473}.Debug|Any CPU.ActiveCfg = Debug|Any CPU
		{0AC8AEFE-6D28-4F11-9C1E-66D244F53473}.Debug|Any CPU.Build.0 = Debug|Any CPU
		{0AC8AEFE-6D28-4F11-9C1E-66D244F53473}.Release|Any CPU.ActiveCfg = Release|Any CPU
		{0AC8AEFE-6D28-4F11-9C1E-66D244F53473}.Release|Any CPU.Build.0 = Release|Any CPU
	EndGlobalSection
	GlobalSection(SolutionProperties) = preSolution
		HideSolutionNode = FALSE
	EndGlobalSection
	GlobalSection(ExtensibilityGlobals) = postSolution
		SolutionGuid = {1F9A4A58-4A30-488B-80C2-241FA88B73F0}
	EndGlobalSection
EndGlobal
